<?xml version="1.0" encoding="utf-8"?>
<Project ToolsVersion="4.0" xmlns="http://schemas.microsoft.com/developer/msbuild/2003">
  <ItemGroup>
    <ClCompile Include="main.cpp">
      <Filter>Unit Tests</Filter>
    </ClCompile>
    <ClCompile Include="pch.cpp" />
    <ClCompile Include="$(MSBuildThisFileDirectory)..\..\lib\native\src\gtest\gtest-all.cc">
      <Filter>Package Files</Filter>
    </ClCompile>
    <ClCompile Include="$(MSBuildThisFileDirectory)..\..\lib\native\src\gmock\gmock-all.cc">
      <Filter>Package Files</Filter>
    </ClCompile>
  </ItemGroup>
  <ItemGroup>
    <ClInclude Include="pch.h" />
  </ItemGroup>
  <ItemGroup>
    <None Include="packages.config">
      <Filter>Package Files</Filter>
    </None>
  </ItemGroup>
  <ItemGroup>
    <Filter Include="Package Files">
      <UniqueIdentifier>{b8889646-88fa-4e72-ab7b-9d9becf6d2ce}</UniqueIdentifier>
    </Filter>
    <Filter Include="Tested Source">
      <UniqueIdentifier>{0604e5fc-6d32-4d4d-a09b-998287bd6b34}</UniqueIdentifier>
    </Filter>
    <Filter Include="Unit Tests">
      <UniqueIdentifier>{38db0032-273f-4722-b443-fc6f26fcaa4d}</UniqueIdentifier>
    </Filter>
  </ItemGroup>
</Project>