
Microsoft Visual Studio Solution File, Format Version 12.00
# Visual Studio Version 16
VisualStudioVersion = 16.0.29613.14
MinimumVisualStudioVersion = 10.0.40219.1
Project("{8BC9CEB8-8B4A-11D0-8D11-00A0C91BC942}") = "Drill4dotNet", "Drill4dotNet\Drill4dotNet.vcxproj", "{2AB82CE8-683B-4984-A566-9FFC579E3B47}"
EndProject
Project("{8BC9CEB8-8B4A-11D0-8D11-00A0C91BC942}") = "Drill4dotNetPS", "Drill4dotNetPS\Drill4dotNetPS.vcxproj", "{5A2A665D-549C-4698-95BC-E5BCF70473D4}"
	ProjectSection(ProjectDependencies) = postProject
		{2AB82CE8-683B-4984-A566-9FFC579E3B47} = {2AB82CE8-683B-4984-A566-9FFC579E3B47}
	EndProjectSection
EndProject
Global
	GlobalSection(SolutionConfigurationPlatforms) = preSolution
		Debug|x64 = Debug|x64
		Debug|x86 = Debug|x86
		Release|x64 = Release|x64
		Release|x86 = Release|x86
	EndGlobalSection
	GlobalSection(ProjectConfigurationPlatforms) = postSolution
		{2AB82CE8-683B-4984-A566-9FFC579E3B47}.Debug|x64.ActiveCfg = Debug|x64
		{2AB82CE8-683B-4984-A566-9FFC579E3B47}.Debug|x64.Build.0 = Debug|x64
		{2AB82CE8-683B-4984-A566-9FFC579E3B47}.Debug|x86.ActiveCfg = Debug|Win32
		{2AB82CE8-683B-4984-A566-9FFC579E3B47}.Debug|x86.Build.0 = Debug|Win32
		{2AB82CE8-683B-4984-A566-9FFC579E3B47}.Release|x64.ActiveCfg = Release|x64
		{2AB82CE8-683B-4984-A566-9FFC579E3B47}.Release|x64.Build.0 = Release|x64
		{2AB82CE8-683B-4984-A566-9FFC579E3B47}.Release|x86.ActiveCfg = Release|Win32
		{2AB82CE8-683B-4984-A566-9FFC579E3B47}.Release|x86.Build.0 = Release|Win32
		{5A2A665D-549C-4698-95BC-E5BCF70473D4}.Debug|x64.ActiveCfg = Debug|x64
		{5A2A665D-549C-4698-95BC-E5BCF70473D4}.Debug|x86.ActiveCfg = Debug|Win32
		{5A2A665D-549C-4698-95BC-E5BCF70473D4}.Release|x64.ActiveCfg = Release|x64
		{5A2A665D-549C-4698-95BC-E5BCF70473D4}.Release|x86.ActiveCfg = Release|Win32
	EndGlobalSection
	GlobalSection(SolutionProperties) = preSolution
		HideSolutionNode = FALSE
	EndGlobalSection
	GlobalSection(ExtensibilityGlobals) = postSolution
		SolutionGuid = {5171A83E-E91A-4513-966D-4C204F0939FA}
	EndGlobalSection
EndGlobal
