<?xml version="1.0" encoding="utf-8"?>
<Project ToolsVersion="4.0" xmlns="http://schemas.microsoft.com/developer/msbuild/2003">
  <ItemGroup>
    <Filter Include="Source Files">
      <UniqueIdentifier>{4FC737F1-C7A5-4376-A066-2A32D752A2FF}</UniqueIdentifier>
      <Extensions>cpp;c;cc;cxx;def;odl;idl;hpj;bat;asm;asmx</Extensions>
    </Filter>
    <Filter Include="Header Files">
      <UniqueIdentifier>{93995380-89BD-4b04-88EB-625FBE52EBFB}</UniqueIdentifier>
      <Extensions>h;hh;hpp;hxx;hm;inl;inc;ipp;xsd</Extensions>
    </Filter>
    <Filter Include="Resource Files">
      <UniqueIdentifier>{67DA6AB6-F800-4c08-8B7A-83BB121AAD01}</UniqueIdentifier>
      <Extensions>rc;ico;cur;bmp;dlg;rc2;rct;bin;rgs;gif;jpg;jpeg;jpe;resx;tiff;tif;png;wav;mfcribbon-ms</Extensions>
    </Filter>
    <Filter Include="Generated Files">
      <UniqueIdentifier>{7a084262-3d43-4d27-822f-5c7735c64e13}</UniqueIdentifier>
      <SourceControlFiles>False</SourceControlFiles>
    </Filter>
  </ItemGroup>
  <ItemGroup>
    <ClInclude Include="framework.h">
      <Filter>Header Files</Filter>
    </ClInclude>
    <ClInclude Include="targetver.h">
      <Filter>Header Files</Filter>
    </ClInclude>
    <ClInclude Include="Resource.h">
      <Filter>Header Files</Filter>
    </ClInclude>
    <ClInclude Include="dllmain.h">
      <Filter>Header Files</Filter>
    </ClInclude>
    <ClInclude Include="Drill4dotNet_i.h">
      <Filter>Generated Files</Filter>
    </ClInclude>
    <ClInclude Include="pch.h">
      <Filter>Header Files</Filter>
    </ClInclude>
    <ClInclude Include="CProfilerCallback.h">
      <Filter>Header Files</Filter>
    </ClInclude>
    <ClInclude Include="CDrillProfiler.h">
      <Filter>Header Files</Filter>
    </ClInclude>
    <ClInclude Include="ProClient.h">
      <Filter>Header Files</Filter>
    </ClInclude>
    <ClInclude Include="LogBuffer.h">
      <Filter>Header Files</Filter>
    </ClInclude>
    <ClInclude Include="OutputUtils.h">
      <Filter>Header Files</Filter>
    </ClInclude>
    <ClInclude Include="CorProfilerInfo.h">
      <Filter>Header Files</Filter>
    </ClInclude>
    <ClInclude Include="CorDataStructures.h">
      <Filter>Header Files</Filter>
    </ClInclude>
    <ClInclude Include="ComWrapperBase.h">
      <Filter>Header Files</Filter>
    </ClInclude>
    <ClInclude Include="MetaDataImport.h">
      <Filter>Header Files</Filter>
    </ClInclude>
    <ClInclude Include="InfoHandler.h">
      <Filter>Header Files</Filter>
    </ClInclude>
    <ClInclude Include="OpCodes.h">
      <Filter>Header Files</Filter>
    </ClInclude>
    <ClInclude Include="DefineOpCodesGeneratorSpecializations.h">
      <Filter>Header Files</Filter>
    </ClInclude>
    <ClInclude Include="UnDefineOpCodesGeneratorSpecializations.h">
      <Filter>Header Files</Filter>
    </ClInclude>
    <ClInclude Include="MethodBody.h">
      <Filter>Header Files</Filter>
    </ClInclude>
    <ClInclude Include="MethodMalloc.h">
      <Filter>Header Files</Filter>
    </ClInclude>
    <ClInclude Include="InstructionStream.h">
      <Filter>Header Files</Filter>
    </ClInclude>
    <ClInclude Include="MethodHeader.h">
      <Filter>Header Files</Filter>
    </ClInclude>
    <ClInclude Include="ExceptionClause.h">
      <Filter>Header Files</Filter>
    </ClInclude>
    <ClInclude Include="ExceptionsSection.h">
      <Filter>Header Files</Filter>
    </ClInclude>
    <ClInclude Include="ByteUtils.h">
      <Filter>Header Files</Filter>
    </ClInclude>
    <ClInclude Include="..\Connector\Connector.h">
      <Filter>Header Files</Filter>
    </ClInclude>
    <ClInclude Include="IMetadataImport.h">
      <Filter>Header Files</Filter>
    </ClInclude>
    <ClInclude Include="ICorProfilerInfo.h">
      <Filter>Header Files</Filter>
    </ClInclude>
    <ClInclude Include="CProfilerCallbackBase.h">
      <Filter>Header Files</Filter>
    </ClInclude>
    <ClInclude Include="IMetadataDispenser.h">
      <Filter>Header Files</Filter>
    </ClInclude>
    <ClInclude Include="IMetaDataAssemblyImport.h">
      <Filter>Header Files</Filter>
    </ClInclude>
    <ClInclude Include="MetaDataAssemblyImport.h">
      <Filter>Header Files</Filter>
    </ClInclude>
    <ClInclude Include="MetaDataDispenser.h">
      <Filter>Header Files</Filter>
    </ClInclude>
    <ClInclude Include="ComInitializer.h">
      <Filter>Header Files</Filter>
    </ClInclude>
  </ItemGroup>
  <ItemGroup>
    <ClCompile Include="Drill4dotNet.cpp">
      <Filter>Source Files</Filter>
    </ClCompile>
    <ClCompile Include="dllmain.cpp">
      <Filter>Source Files</Filter>
    </ClCompile>
    <ClCompile Include="Drill4dotNet_i.c">
      <Filter>Generated Files</Filter>
    </ClCompile>
    <ClCompile Include="pch.cpp">
      <Filter>Source Files</Filter>
    </ClCompile>
    <ClCompile Include="CDrillProfiler.cpp">
      <Filter>Source Files</Filter>
    </ClCompile>
    <ClCompile Include="InfoHandler.cpp">
      <Filter>Source Files</Filter>
    </ClCompile>
    <ClCompile Include="OpCodes.cpp">
      <Filter>Source Files</Filter>
    </ClCompile>
    <ClCompile Include="MethodBody.cpp">
      <Filter>Source Files</Filter>
    </ClCompile>
    <ClCompile Include="CorGUIDs.cpp">
      <Filter>Source Files</Filter>
    </ClCompile>
    <ClCompile Include="InstructionStream.cpp">
      <Filter>Source Files</Filter>
    </ClCompile>
    <ClCompile Include="MethodHeader.cpp">
      <Filter>Source Files</Filter>
    </ClCompile>
    <ClCompile Include="ExceptionClause.cpp">
      <Filter>Source Files</Filter>
    </ClCompile>
    <ClCompile Include="ExceptionsSection.cpp">
      <Filter>Source Files</Filter>
    </ClCompile>
    <ClCompile Include="CProfilerCallbackBase.cpp">
      <Filter>Source Files</Filter>
    </ClCompile>
  </ItemGroup>
  <ItemGroup>
    <ResourceCompile Include="Drill4dotNet.rc">
      <Filter>Resource Files</Filter>
    </ResourceCompile>
  </ItemGroup>
  <ItemGroup>
    <None Include="Drill4dotNet.rgs">
      <Filter>Resource Files</Filter>
    </None>
    <None Include="Drill4dotNet.def">
      <Filter>Source Files</Filter>
    </None>
  </ItemGroup>
  <ItemGroup>
    <Midl Include="Drill4dotNet.idl">
      <Filter>Source Files</Filter>
    </Midl>
  </ItemGroup>
</Project>